
Microsoft Visual Studio Solution File, Format Version 12.00
# Visual Studio Version 16
VisualStudioVersion = 16.0.32126.315
MinimumVisualStudioVersion = 10.0.40219.1
Project("{8BC9CEB8-8B4A-11D0-8D11-00A0C91BC942}") = "walking thing", "walking thing.vcxproj", "{42D001BF-06A4-4AB3-8477-B74EAC00C4DA}"
EndProject
Global
	GlobalSection(SolutionConfigurationPlatforms) = preSolution
		Debug|x64 = Debug|x64
		Debug|x86 = Debug|x86
		Release|x64 = Release|x64
		Release|x86 = Release|x86
	EndGlobalSection
	GlobalSection(ProjectConfigurationPlatforms) = postSolution
		{42D001BF-06A4-4AB3-8477-B74EAC00C4DA}.Debug|x64.ActiveCfg = Debug|x64
		{42D001BF-06A4-4AB3-8477-B74EAC00C4DA}.Debug|x64.Build.0 = Debug|x64
		{42D001BF-06A4-4AB3-8477-B74EAC00C4DA}.Debug|x86.ActiveCfg = Debug|Win32
		{42D001BF-06A4-4AB3-8477-B74EAC00C4DA}.Debug|x86.Build.0 = Debug|Win32
		{42D001BF-06A4-4AB3-8477-B74EAC00C4DA}.Release|x64.ActiveCfg = Release|x64
		{42D001BF-06A4-4AB3-8477-B74EAC00C4DA}.Release|x64.Build.0 = Release|x64
		{42D001BF-06A4-4AB3-8477-B74EAC00C4DA}.Release|x86.ActiveCfg = Release|Win32
		{42D001BF-06A4-4AB3-8477-B74EAC00C4DA}.Release|x86.Build.0 = Release|Win32
	EndGlobalSection
	GlobalSection(SolutionProperties) = preSolution
		HideSolutionNode = FALSE
	EndGlobalSection
	GlobalSection(ExtensibilityGlobals) = postSolution
		SolutionGuid = {23FD78C3-309D-43F8-A2C7-11928B27A351}
	EndGlobalSection
EndGlobal
